
Microsoft Visual Studio Solution File, Format Version 12.00
# Visual Studio 2017
Project("{FAE04EC0-301F-11D3-BF4B-00C04F79EFBC}") = "Prog2D_TP1", "Prog2D_TP1.csproj", "{9EEDC5D6-EAAF-A810-86DC-E8E875DB519C}"
EndProject
Global
	GlobalSection(SolutionConfigurationPlatforms) = preSolution
		Debug|Any CPU = Debug|Any CPU
		Release|Any CPU = Release|Any CPU
	EndGlobalSection
	GlobalSection(ProjectConfigurationPlatforms) = postSolution
		{9EEDC5D6-EAAF-A810-86DC-E8E875DB519C}.Debug|Any CPU.ActiveCfg = Debug|Any CPU
		{9EEDC5D6-EAAF-A810-86DC-E8E875DB519C}.Debug|Any CPU.Build.0 = Debug|Any CPU
		{9EEDC5D6-EAAF-A810-86DC-E8E875DB519C}.Release|Any CPU.ActiveCfg = Release|Any CPU
		{9EEDC5D6-EAAF-A810-86DC-E8E875DB519C}.Release|Any CPU.Build.0 = Release|Any CPU
	EndGlobalSection
	GlobalSection(SolutionProperties) = preSolution
		HideSolutionNode = FALSE
	EndGlobalSection
EndGlobal
